
Microsoft Visual Studio Solution File, Format Version 12.00
# Visual Studio Version 16
VisualStudioVersion = 16.0.31729.503
MinimumVisualStudioVersion = 10.0.40219.1
Project("{FAE04EC0-301F-11D3-BF4B-00C04F79EFBC}") = "ProyectoSoftwareWeb", "ProyectoSoftwareWeb.csproj", "{4E9EE033-5396-4E98-9C5E-C4578DC69667}"
EndProject
Global
	GlobalSection(SolutionConfigurationPlatforms) = preSolution
		Debug|Any CPU = Debug|Any CPU
		Release|Any CPU = Release|Any CPU
	EndGlobalSection
	GlobalSection(ProjectConfigurationPlatforms) = postSolution
		{4E9EE033-5396-4E98-9C5E-C4578DC69667}.Debug|Any CPU.ActiveCfg = Debug|Any CPU
		{4E9EE033-5396-4E98-9C5E-C4578DC69667}.Debug|Any CPU.Build.0 = Debug|Any CPU
		{4E9EE033-5396-4E98-9C5E-C4578DC69667}.Release|Any CPU.ActiveCfg = Release|Any CPU
		{4E9EE033-5396-4E98-9C5E-C4578DC69667}.Release|Any CPU.Build.0 = Release|Any CPU
	EndGlobalSection
	GlobalSection(SolutionProperties) = preSolution
		HideSolutionNode = FALSE
	EndGlobalSection
	GlobalSection(ExtensibilityGlobals) = postSolution
		SolutionGuid = {52DE0C57-E941-4AC4-A78D-B22BE3825D68}
	EndGlobalSection
EndGlobal
